
Microsoft Visual Studio Solution File, Format Version 11.00
# Visual Studio 2010
# SharpDevelop 5.1
Project("{FAE04EC0-301F-11D3-BF4B-00C04F79EFBC}") = "SisCorreios_Console", "SisCorreios_Console\SisCorreios_Console.csproj", "{96EA2572-9172-4AD5-839B-EC2FE4524BEC}"
EndProject
Global
	GlobalSection(SolutionConfigurationPlatforms) = preSolution
		Debug|Any CPU = Debug|Any CPU
		Release|Any CPU = Release|Any CPU
	EndGlobalSection
	GlobalSection(ProjectConfigurationPlatforms) = postSolution
		{96EA2572-9172-4AD5-839B-EC2FE4524BEC}.Debug|Any CPU.ActiveCfg = Debug|Any CPU
		{96EA2572-9172-4AD5-839B-EC2FE4524BEC}.Debug|Any CPU.Build.0 = Debug|Any CPU
		{96EA2572-9172-4AD5-839B-EC2FE4524BEC}.Release|Any CPU.ActiveCfg = Release|Any CPU
		{96EA2572-9172-4AD5-839B-EC2FE4524BEC}.Release|Any CPU.Build.0 = Release|Any CPU
	EndGlobalSection
EndGlobal
